
Microsoft Visual Studio Solution File, Format Version 12.00
# Visual Studio 14
VisualStudioVersion = 14.0.25420.1
MinimumVisualStudioVersion = 10.0.40219.1
Project("{FAE04EC0-301F-11D3-BF4B-00C04F79EFBC}") = "MapMaker", "MapMaker\MapMaker.csproj", "{61A6CC86-CE0B-4AF5-A015-1EA71EF50421}"
EndProject
Project("{FAE04EC0-301F-11D3-BF4B-00C04F79EFBC}") = "Library", "Library\Library.csproj", "{F35E5F87-1033-4FCC-B9C8-91E82A79F044}"
EndProject
Project("{FAE04EC0-301F-11D3-BF4B-00C04F79EFBC}") = "ServerGUI", "ServerGUI\ServerGUI.csproj", "{35C78D9F-1AA0-49D0-8E15-4C63A5B5609E}"
EndProject
Project("{2150E333-8FDC-42A3-9474-1A3956D46DE8}") = "Solution Items", "Solution Items", "{CED2E65A-3A8B-4309-A710-3BD9EC3BDA71}"
	ProjectSection(SolutionItems) = preProject
		BackupInputClass.cs = BackupInputClass.cs
	EndProjectSection
EndProject
Project("{FAE04EC0-301F-11D3-BF4B-00C04F79EFBC}") = "UserInterface", "UserInterface\UserInterface.csproj", "{E66E4C19-43B7-42AC-BF64-98C3A6D2C4D1}"
EndProject
Project("{FAE04EC0-301F-11D3-BF4B-00C04F79EFBC}") = "GameUILibrary", "GameUILibrary\GameUILibrary.csproj", "{5C061337-FC4B-400E-A16E-50B92F619B6A}"
	ProjectSection(ProjectDependencies) = postProject
		{E66E4C19-43B7-42AC-BF64-98C3A6D2C4D1} = {E66E4C19-43B7-42AC-BF64-98C3A6D2C4D1}
	EndProjectSection
EndProject
Project("{FAE04EC0-301F-11D3-BF4B-00C04F79EFBC}") = "TerraStructorClient", "TerraStructorClient\TerraStructorClient.csproj", "{40B6A333-B6F1-4E74-B9BA-C454D9A013EA}"
EndProject
Global
	GlobalSection(SolutionConfigurationPlatforms) = preSolution
		Debug|Any CPU = Debug|Any CPU
		Debug|x86 = Debug|x86
		Release|Any CPU = Release|Any CPU
		Release|x86 = Release|x86
	EndGlobalSection
	GlobalSection(ProjectConfigurationPlatforms) = postSolution
		{61A6CC86-CE0B-4AF5-A015-1EA71EF50421}.Debug|Any CPU.ActiveCfg = Debug|x86
		{61A6CC86-CE0B-4AF5-A015-1EA71EF50421}.Debug|x86.ActiveCfg = Debug|x86
		{61A6CC86-CE0B-4AF5-A015-1EA71EF50421}.Debug|x86.Build.0 = Debug|x86
		{61A6CC86-CE0B-4AF5-A015-1EA71EF50421}.Release|Any CPU.ActiveCfg = Release|x86
		{61A6CC86-CE0B-4AF5-A015-1EA71EF50421}.Release|x86.ActiveCfg = Release|x86
		{61A6CC86-CE0B-4AF5-A015-1EA71EF50421}.Release|x86.Build.0 = Release|x86
		{F35E5F87-1033-4FCC-B9C8-91E82A79F044}.Debug|Any CPU.ActiveCfg = Debug|Any CPU
		{F35E5F87-1033-4FCC-B9C8-91E82A79F044}.Debug|Any CPU.Build.0 = Debug|Any CPU
		{F35E5F87-1033-4FCC-B9C8-91E82A79F044}.Debug|x86.ActiveCfg = Debug|Any CPU
		{F35E5F87-1033-4FCC-B9C8-91E82A79F044}.Debug|x86.Build.0 = Debug|Any CPU
		{F35E5F87-1033-4FCC-B9C8-91E82A79F044}.Release|Any CPU.ActiveCfg = Release|Any CPU
		{F35E5F87-1033-4FCC-B9C8-91E82A79F044}.Release|Any CPU.Build.0 = Release|Any CPU
		{F35E5F87-1033-4FCC-B9C8-91E82A79F044}.Release|x86.ActiveCfg = Release|Any CPU
		{F35E5F87-1033-4FCC-B9C8-91E82A79F044}.Release|x86.Build.0 = Release|Any CPU
		{35C78D9F-1AA0-49D0-8E15-4C63A5B5609E}.Debug|Any CPU.ActiveCfg = Debug|Any CPU
		{35C78D9F-1AA0-49D0-8E15-4C63A5B5609E}.Debug|Any CPU.Build.0 = Debug|Any CPU
		{35C78D9F-1AA0-49D0-8E15-4C63A5B5609E}.Debug|x86.ActiveCfg = Debug|Any CPU
		{35C78D9F-1AA0-49D0-8E15-4C63A5B5609E}.Debug|x86.Build.0 = Debug|Any CPU
		{35C78D9F-1AA0-49D0-8E15-4C63A5B5609E}.Release|Any CPU.ActiveCfg = Release|Any CPU
		{35C78D9F-1AA0-49D0-8E15-4C63A5B5609E}.Release|Any CPU.Build.0 = Release|Any CPU
		{35C78D9F-1AA0-49D0-8E15-4C63A5B5609E}.Release|x86.ActiveCfg = Release|Any CPU
		{35C78D9F-1AA0-49D0-8E15-4C63A5B5609E}.Release|x86.Build.0 = Release|Any CPU
		{E66E4C19-43B7-42AC-BF64-98C3A6D2C4D1}.Debug|Any CPU.ActiveCfg = Debug|Any CPU
		{E66E4C19-43B7-42AC-BF64-98C3A6D2C4D1}.Debug|Any CPU.Build.0 = Debug|Any CPU
		{E66E4C19-43B7-42AC-BF64-98C3A6D2C4D1}.Debug|x86.ActiveCfg = Debug|Any CPU
		{E66E4C19-43B7-42AC-BF64-98C3A6D2C4D1}.Debug|x86.Build.0 = Debug|Any CPU
		{E66E4C19-43B7-42AC-BF64-98C3A6D2C4D1}.Release|Any CPU.ActiveCfg = Release|Any CPU
		{E66E4C19-43B7-42AC-BF64-98C3A6D2C4D1}.Release|Any CPU.Build.0 = Release|Any CPU
		{E66E4C19-43B7-42AC-BF64-98C3A6D2C4D1}.Release|x86.ActiveCfg = Release|Any CPU
		{E66E4C19-43B7-42AC-BF64-98C3A6D2C4D1}.Release|x86.Build.0 = Release|Any CPU
		{5C061337-FC4B-400E-A16E-50B92F619B6A}.Debug|Any CPU.ActiveCfg = Debug|Any CPU
		{5C061337-FC4B-400E-A16E-50B92F619B6A}.Debug|Any CPU.Build.0 = Debug|Any CPU
		{5C061337-FC4B-400E-A16E-50B92F619B6A}.Debug|x86.ActiveCfg = Debug|Any CPU
		{5C061337-FC4B-400E-A16E-50B92F619B6A}.Debug|x86.Build.0 = Debug|Any CPU
		{5C061337-FC4B-400E-A16E-50B92F619B6A}.Release|Any CPU.ActiveCfg = Release|Any CPU
		{5C061337-FC4B-400E-A16E-50B92F619B6A}.Release|Any CPU.Build.0 = Release|Any CPU
		{5C061337-FC4B-400E-A16E-50B92F619B6A}.Release|x86.ActiveCfg = Release|Any CPU
		{5C061337-FC4B-400E-A16E-50B92F619B6A}.Release|x86.Build.0 = Release|Any CPU
		{40B6A333-B6F1-4E74-B9BA-C454D9A013EA}.Debug|Any CPU.ActiveCfg = Debug|x86
		{40B6A333-B6F1-4E74-B9BA-C454D9A013EA}.Debug|x86.ActiveCfg = Debug|x86
		{40B6A333-B6F1-4E74-B9BA-C454D9A013EA}.Debug|x86.Build.0 = Debug|x86
		{40B6A333-B6F1-4E74-B9BA-C454D9A013EA}.Release|Any CPU.ActiveCfg = Release|x86
		{40B6A333-B6F1-4E74-B9BA-C454D9A013EA}.Release|x86.ActiveCfg = Release|x86
		{40B6A333-B6F1-4E74-B9BA-C454D9A013EA}.Release|x86.Build.0 = Release|x86
	EndGlobalSection
	GlobalSection(SolutionProperties) = preSolution
		HideSolutionNode = FALSE
	EndGlobalSection
EndGlobal
